
Microsoft Visual Studio Solution File, Format Version 12.00
# Visual Studio 15
VisualStudioVersion = 15.0.27130.2024
MinimumVisualStudioVersion = 10.0.40219.1
Project("{FAE04EC0-301F-11D3-BF4B-00C04F79EFBC}") = "Xamarin.Social.Sample.iOS", "Xamarin.Social.Sample.iOS.csproj", "{60BE34F8-EDDE-4AF9-96C6-485E08F3ED17}"
EndProject
Project("{FAE04EC0-301F-11D3-BF4B-00C04F79EFBC}") = "Xamarin.Social.iOS", "..\..\src\Xamarin.Social.iOS\Xamarin.Social.iOS.csproj", "{6D2E4130-354F-4F59-ADCA-701C7E4A0437}"
EndProject
Project("{FAE04EC0-301F-11D3-BF4B-00C04F79EFBC}") = "Xamarin.Auth.iOS", "..\..\Xamarin.Auth\src\Xamarin.Auth.iOS\Xamarin.Auth.iOS.csproj", "{19A091BD-B0E7-49FC-BF83-4118D91A7DC3}"
EndProject
Global
	GlobalSection(SolutionConfigurationPlatforms) = preSolution
		Ad-Hoc|iPhone = Ad-Hoc|iPhone
		Ad-Hoc|iPhoneSimulator = Ad-Hoc|iPhoneSimulator
		AppStore|iPhone = AppStore|iPhone
		AppStore|iPhoneSimulator = AppStore|iPhoneSimulator
		Debug|iPhone = Debug|iPhone
		Debug|iPhoneSimulator = Debug|iPhoneSimulator
		Release|iPhone = Release|iPhone
		Release|iPhoneSimulator = Release|iPhoneSimulator
	EndGlobalSection
	GlobalSection(ProjectConfigurationPlatforms) = postSolution
		{60BE34F8-EDDE-4AF9-96C6-485E08F3ED17}.Ad-Hoc|iPhone.ActiveCfg = Release|iPhone
		{60BE34F8-EDDE-4AF9-96C6-485E08F3ED17}.Ad-Hoc|iPhone.Build.0 = Release|iPhone
		{60BE34F8-EDDE-4AF9-96C6-485E08F3ED17}.Ad-Hoc|iPhoneSimulator.ActiveCfg = Release|iPhoneSimulator
		{60BE34F8-EDDE-4AF9-96C6-485E08F3ED17}.Ad-Hoc|iPhoneSimulator.Build.0 = Release|iPhoneSimulator
		{60BE34F8-EDDE-4AF9-96C6-485E08F3ED17}.AppStore|iPhone.ActiveCfg = Release|iPhone
		{60BE34F8-EDDE-4AF9-96C6-485E08F3ED17}.AppStore|iPhone.Build.0 = Release|iPhone
		{60BE34F8-EDDE-4AF9-96C6-485E08F3ED17}.AppStore|iPhoneSimulator.ActiveCfg = Release|iPhoneSimulator
		{60BE34F8-EDDE-4AF9-96C6-485E08F3ED17}.AppStore|iPhoneSimulator.Build.0 = Release|iPhoneSimulator
		{60BE34F8-EDDE-4AF9-96C6-485E08F3ED17}.Debug|iPhone.ActiveCfg = Debug|iPhone
		{60BE34F8-EDDE-4AF9-96C6-485E08F3ED17}.Debug|iPhone.Build.0 = Debug|iPhone
		{60BE34F8-EDDE-4AF9-96C6-485E08F3ED17}.Debug|iPhoneSimulator.ActiveCfg = Debug|iPhoneSimulator
		{60BE34F8-EDDE-4AF9-96C6-485E08F3ED17}.Debug|iPhoneSimulator.Build.0 = Debug|iPhoneSimulator
		{60BE34F8-EDDE-4AF9-96C6-485E08F3ED17}.Release|iPhone.ActiveCfg = Release|iPhone
		{60BE34F8-EDDE-4AF9-96C6-485E08F3ED17}.Release|iPhone.Build.0 = Release|iPhone
		{60BE34F8-EDDE-4AF9-96C6-485E08F3ED17}.Release|iPhoneSimulator.ActiveCfg = Release|iPhoneSimulator
		{60BE34F8-EDDE-4AF9-96C6-485E08F3ED17}.Release|iPhoneSimulator.Build.0 = Release|iPhoneSimulator
		{6D2E4130-354F-4F59-ADCA-701C7E4A0437}.Ad-Hoc|iPhone.ActiveCfg = Release|Any CPU
		{6D2E4130-354F-4F59-ADCA-701C7E4A0437}.Ad-Hoc|iPhone.Build.0 = Release|Any CPU
		{6D2E4130-354F-4F59-ADCA-701C7E4A0437}.Ad-Hoc|iPhoneSimulator.ActiveCfg = Debug|Any CPU
		{6D2E4130-354F-4F59-ADCA-701C7E4A0437}.Ad-Hoc|iPhoneSimulator.Build.0 = Debug|Any CPU
		{6D2E4130-354F-4F59-ADCA-701C7E4A0437}.AppStore|iPhone.ActiveCfg = Release|Any CPU
		{6D2E4130-354F-4F59-ADCA-701C7E4A0437}.AppStore|iPhone.Build.0 = Release|Any CPU
		{6D2E4130-354F-4F59-ADCA-701C7E4A0437}.AppStore|iPhoneSimulator.ActiveCfg = Debug|Any CPU
		{6D2E4130-354F-4F59-ADCA-701C7E4A0437}.AppStore|iPhoneSimulator.Build.0 = Debug|Any CPU
		{6D2E4130-354F-4F59-ADCA-701C7E4A0437}.Debug|iPhone.ActiveCfg = Debug|Any CPU
		{6D2E4130-354F-4F59-ADCA-701C7E4A0437}.Debug|iPhone.Build.0 = Debug|Any CPU
		{6D2E4130-354F-4F59-ADCA-701C7E4A0437}.Debug|iPhoneSimulator.ActiveCfg = Debug|Any CPU
		{6D2E4130-354F-4F59-ADCA-701C7E4A0437}.Debug|iPhoneSimulator.Build.0 = Debug|Any CPU
		{6D2E4130-354F-4F59-ADCA-701C7E4A0437}.Release|iPhone.ActiveCfg = Release|Any CPU
		{6D2E4130-354F-4F59-ADCA-701C7E4A0437}.Release|iPhone.Build.0 = Release|Any CPU
		{6D2E4130-354F-4F59-ADCA-701C7E4A0437}.Release|iPhoneSimulator.ActiveCfg = Release|Any CPU
		{6D2E4130-354F-4F59-ADCA-701C7E4A0437}.Release|iPhoneSimulator.Build.0 = Release|Any CPU
		{19A091BD-B0E7-49FC-BF83-4118D91A7DC3}.Ad-Hoc|iPhone.ActiveCfg = Release|Any CPU
		{19A091BD-B0E7-49FC-BF83-4118D91A7DC3}.Ad-Hoc|iPhone.Build.0 = Release|Any CPU
		{19A091BD-B0E7-49FC-BF83-4118D91A7DC3}.Ad-Hoc|iPhoneSimulator.ActiveCfg = Debug|Any CPU
		{19A091BD-B0E7-49FC-BF83-4118D91A7DC3}.Ad-Hoc|iPhoneSimulator.Build.0 = Debug|Any CPU
		{19A091BD-B0E7-49FC-BF83-4118D91A7DC3}.AppStore|iPhone.ActiveCfg = Release|Any CPU
		{19A091BD-B0E7-49FC-BF83-4118D91A7DC3}.AppStore|iPhone.Build.0 = Release|Any CPU
		{19A091BD-B0E7-49FC-BF83-4118D91A7DC3}.AppStore|iPhoneSimulator.ActiveCfg = Debug|Any CPU
		{19A091BD-B0E7-49FC-BF83-4118D91A7DC3}.AppStore|iPhoneSimulator.Build.0 = Debug|Any CPU
		{19A091BD-B0E7-49FC-BF83-4118D91A7DC3}.Debug|iPhone.ActiveCfg = Debug|Any CPU
		{19A091BD-B0E7-49FC-BF83-4118D91A7DC3}.Debug|iPhone.Build.0 = Debug|Any CPU
		{19A091BD-B0E7-49FC-BF83-4118D91A7DC3}.Debug|iPhoneSimulator.ActiveCfg = Debug|Any CPU
		{19A091BD-B0E7-49FC-BF83-4118D91A7DC3}.Debug|iPhoneSimulator.Build.0 = Debug|Any CPU
		{19A091BD-B0E7-49FC-BF83-4118D91A7DC3}.Release|iPhone.ActiveCfg = Release|Any CPU
		{19A091BD-B0E7-49FC-BF83-4118D91A7DC3}.Release|iPhone.Build.0 = Release|Any CPU
		{19A091BD-B0E7-49FC-BF83-4118D91A7DC3}.Release|iPhoneSimulator.ActiveCfg = Release|Any CPU
		{19A091BD-B0E7-49FC-BF83-4118D91A7DC3}.Release|iPhoneSimulator.Build.0 = Release|Any CPU
	EndGlobalSection
	GlobalSection(SolutionProperties) = preSolution
		HideSolutionNode = FALSE
	EndGlobalSection
	GlobalSection(ExtensibilityGlobals) = postSolution
		SolutionGuid = {7643F934-29D0-4204-A7CD-789FE9A74A68}
	EndGlobalSection
	GlobalSection(MonoDevelopProperties) = preSolution
		StartupItem = Xamarin.Social.Sample.iOS.csproj
	EndGlobalSection
EndGlobal
